
Microsoft Visual Studio Solution File, Format Version 12.00
# Visual Studio 2013
VisualStudioVersion = 12.0.21005.1
MinimumVisualStudioVersion = 10.0.40219.1
Project("{E24C65DC-7377-472B-9ABA-BC803B73C61A}") = "WebSite1(1)", "http://localhost:14056", "{1C1EE5A9-8F9D-4ED8-8F67-901C267619A1}"
	ProjectSection(WebsiteProperties) = preProject
		UseIISExpress = "true"
		TargetFrameworkMoniker = ".NETFramework,Version%3Dv4.5"
		ProjectReferences = "{de7b0c99-a9f9-4df0-a0d6-757f618d9646}|BLL.dll;{DEAEB80C-84EE-436F-8708-5A20EFE5782C}|DAL.dll;"
		Debug.AspNetCompiler.VirtualPath = "/localhost_14056"
		Debug.AspNetCompiler.PhysicalPath = "..\..\WebSites\WebSite1\"
		Debug.AspNetCompiler.TargetPath = "PrecompiledWeb\localhost_14056\"
		Debug.AspNetCompiler.Updateable = "true"
		Debug.AspNetCompiler.ForceOverwrite = "true"
		Debug.AspNetCompiler.FixedNames = "false"
		Debug.AspNetCompiler.Debug = "True"
		Release.AspNetCompiler.VirtualPath = "/localhost_14056"
		Release.AspNetCompiler.PhysicalPath = "..\..\WebSites\WebSite1\"
		Release.AspNetCompiler.TargetPath = "PrecompiledWeb\localhost_14056\"
		Release.AspNetCompiler.Updateable = "true"
		Release.AspNetCompiler.ForceOverwrite = "true"
		Release.AspNetCompiler.FixedNames = "false"
		Release.AspNetCompiler.Debug = "False"
		SlnRelativePath = "..\..\WebSites\WebSite1\"
		DefaultWebSiteLanguage = "Visual C#"
	EndProjectSection
EndProject
Project("{FAE04EC0-301F-11D3-BF4B-00C04F79EFBC}") = "DAL", "DAL\DAL.csproj", "{DEAEB80C-84EE-436F-8708-5A20EFE5782C}"
EndProject
Project("{FAE04EC0-301F-11D3-BF4B-00C04F79EFBC}") = "BLL", "BLL\BLL.csproj", "{DE7B0C99-A9F9-4DF0-A0D6-757F618D9646}"
EndProject
Global
	GlobalSection(SolutionConfigurationPlatforms) = preSolution
		Debug|Any CPU = Debug|Any CPU
		Release|Any CPU = Release|Any CPU
	EndGlobalSection
	GlobalSection(ProjectConfigurationPlatforms) = postSolution
		{1C1EE5A9-8F9D-4ED8-8F67-901C267619A1}.Debug|Any CPU.ActiveCfg = Debug|Any CPU
		{1C1EE5A9-8F9D-4ED8-8F67-901C267619A1}.Debug|Any CPU.Build.0 = Debug|Any CPU
		{1C1EE5A9-8F9D-4ED8-8F67-901C267619A1}.Release|Any CPU.ActiveCfg = Debug|Any CPU
		{1C1EE5A9-8F9D-4ED8-8F67-901C267619A1}.Release|Any CPU.Build.0 = Debug|Any CPU
		{DEAEB80C-84EE-436F-8708-5A20EFE5782C}.Debug|Any CPU.ActiveCfg = Debug|Any CPU
		{DEAEB80C-84EE-436F-8708-5A20EFE5782C}.Debug|Any CPU.Build.0 = Debug|Any CPU
		{DEAEB80C-84EE-436F-8708-5A20EFE5782C}.Release|Any CPU.ActiveCfg = Release|Any CPU
		{DEAEB80C-84EE-436F-8708-5A20EFE5782C}.Release|Any CPU.Build.0 = Release|Any CPU
		{DE7B0C99-A9F9-4DF0-A0D6-757F618D9646}.Debug|Any CPU.ActiveCfg = Debug|Any CPU
		{DE7B0C99-A9F9-4DF0-A0D6-757F618D9646}.Debug|Any CPU.Build.0 = Debug|Any CPU
		{DE7B0C99-A9F9-4DF0-A0D6-757F618D9646}.Release|Any CPU.ActiveCfg = Release|Any CPU
		{DE7B0C99-A9F9-4DF0-A0D6-757F618D9646}.Release|Any CPU.Build.0 = Release|Any CPU
	EndGlobalSection
	GlobalSection(SolutionProperties) = preSolution
		HideSolutionNode = FALSE
	EndGlobalSection
EndGlobal
